
Microsoft Visual Studio Solution File, Format Version 12.00
# Visual Studio 16
Project("{FAE04EC0-301F-11D3-BF4B-00C04F79EFBC}") = "Assembly-CSharp", "Assembly-CSharp.csproj", "{A7E1C024-6245-D899-D79F-51626690CDDA}"
EndProject
Project("{FAE04EC0-301F-11D3-BF4B-00C04F79EFBC}") = "Assembly-CSharp-Editor", "Assembly-CSharp-Editor.csproj", "{E2CA3A35-2249-C415-6B67-9DEF1186FD34}"
EndProject
Global
	GlobalSection(SolutionConfigurationPlatforms) = preSolution
		Debug|Any CPU = Debug|Any CPU
		Release|Any CPU = Release|Any CPU
	EndGlobalSection
	GlobalSection(ProjectConfigurationPlatforms) = postSolution
		{A7E1C024-6245-D899-D79F-51626690CDDA}.Debug|Any CPU.ActiveCfg = Debug|Any CPU
		{A7E1C024-6245-D899-D79F-51626690CDDA}.Debug|Any CPU.Build.0 = Debug|Any CPU
		{A7E1C024-6245-D899-D79F-51626690CDDA}.Release|Any CPU.ActiveCfg = Release|Any CPU
		{A7E1C024-6245-D899-D79F-51626690CDDA}.Release|Any CPU.Build.0 = Release|Any CPU
		{E2CA3A35-2249-C415-6B67-9DEF1186FD34}.Debug|Any CPU.ActiveCfg = Debug|Any CPU
		{E2CA3A35-2249-C415-6B67-9DEF1186FD34}.Debug|Any CPU.Build.0 = Debug|Any CPU
		{E2CA3A35-2249-C415-6B67-9DEF1186FD34}.Release|Any CPU.ActiveCfg = Release|Any CPU
		{E2CA3A35-2249-C415-6B67-9DEF1186FD34}.Release|Any CPU.Build.0 = Release|Any CPU
	EndGlobalSection
	GlobalSection(SolutionProperties) = preSolution
		HideSolutionNode = FALSE
	EndGlobalSection
	GlobalSection(MonoDevelopProperties) = preSolution
		StartupItem = Assembly-CSharp.csproj
	EndGlobalSection
EndGlobal
